
Microsoft Visual Studio Solution File, Format Version 12.00
# Visual Studio 14
VisualStudioVersion = 14.0.25420.1
MinimumVisualStudioVersion = 10.0.40219.1
Project("{FAE04EC0-301F-11D3-BF4B-00C04F79EFBC}") = "InnvoationVote", "InnvoationVote\InnvoationVote.csproj", "{230330D1-8798-4526-B517-70B69A98B0E6}"
EndProject
Project("{FAE04EC0-301F-11D3-BF4B-00C04F79EFBC}") = "Model", "Model\Model.csproj", "{446ECA64-4DD8-43A2-9E22-9BAC8F1B0C6F}"
EndProject
Project("{FAE04EC0-301F-11D3-BF4B-00C04F79EFBC}") = "DAL", "DAL\DAL.csproj", "{842260AD-384D-43F1-9C30-6DB6520C6CF8}"
EndProject
Project("{FAE04EC0-301F-11D3-BF4B-00C04F79EFBC}") = "BLL", "BLL\BLL.csproj", "{C5939087-D8B6-492F-9D6D-38305A5A17E3}"
EndProject
Project("{FAE04EC0-301F-11D3-BF4B-00C04F79EFBC}") = "IDAL", "IDAL\IDAL.csproj", "{A8B6BE89-AC19-4259-A7C0-FA81E15ABBF4}"
EndProject
Project("{FAE04EC0-301F-11D3-BF4B-00C04F79EFBC}") = "Common", "Common\Common.csproj", "{80D044C0-650D-4ADD-B16C-067F0F5242F6}"
EndProject
Global
	GlobalSection(SolutionConfigurationPlatforms) = preSolution
		Debug|Any CPU = Debug|Any CPU
		Release|Any CPU = Release|Any CPU
	EndGlobalSection
	GlobalSection(ProjectConfigurationPlatforms) = postSolution
		{230330D1-8798-4526-B517-70B69A98B0E6}.Debug|Any CPU.ActiveCfg = Debug|Any CPU
		{230330D1-8798-4526-B517-70B69A98B0E6}.Debug|Any CPU.Build.0 = Debug|Any CPU
		{230330D1-8798-4526-B517-70B69A98B0E6}.Release|Any CPU.ActiveCfg = Release|Any CPU
		{230330D1-8798-4526-B517-70B69A98B0E6}.Release|Any CPU.Build.0 = Release|Any CPU
		{446ECA64-4DD8-43A2-9E22-9BAC8F1B0C6F}.Debug|Any CPU.ActiveCfg = Debug|Any CPU
		{446ECA64-4DD8-43A2-9E22-9BAC8F1B0C6F}.Debug|Any CPU.Build.0 = Debug|Any CPU
		{446ECA64-4DD8-43A2-9E22-9BAC8F1B0C6F}.Release|Any CPU.ActiveCfg = Release|Any CPU
		{446ECA64-4DD8-43A2-9E22-9BAC8F1B0C6F}.Release|Any CPU.Build.0 = Release|Any CPU
		{842260AD-384D-43F1-9C30-6DB6520C6CF8}.Debug|Any CPU.ActiveCfg = Debug|Any CPU
		{842260AD-384D-43F1-9C30-6DB6520C6CF8}.Debug|Any CPU.Build.0 = Debug|Any CPU
		{842260AD-384D-43F1-9C30-6DB6520C6CF8}.Release|Any CPU.ActiveCfg = Release|Any CPU
		{842260AD-384D-43F1-9C30-6DB6520C6CF8}.Release|Any CPU.Build.0 = Release|Any CPU
		{C5939087-D8B6-492F-9D6D-38305A5A17E3}.Debug|Any CPU.ActiveCfg = Debug|Any CPU
		{C5939087-D8B6-492F-9D6D-38305A5A17E3}.Debug|Any CPU.Build.0 = Debug|Any CPU
		{C5939087-D8B6-492F-9D6D-38305A5A17E3}.Release|Any CPU.ActiveCfg = Release|Any CPU
		{C5939087-D8B6-492F-9D6D-38305A5A17E3}.Release|Any CPU.Build.0 = Release|Any CPU
		{A8B6BE89-AC19-4259-A7C0-FA81E15ABBF4}.Debug|Any CPU.ActiveCfg = Debug|Any CPU
		{A8B6BE89-AC19-4259-A7C0-FA81E15ABBF4}.Debug|Any CPU.Build.0 = Debug|Any CPU
		{A8B6BE89-AC19-4259-A7C0-FA81E15ABBF4}.Release|Any CPU.ActiveCfg = Release|Any CPU
		{A8B6BE89-AC19-4259-A7C0-FA81E15ABBF4}.Release|Any CPU.Build.0 = Release|Any CPU
		{80D044C0-650D-4ADD-B16C-067F0F5242F6}.Debug|Any CPU.ActiveCfg = Debug|Any CPU
		{80D044C0-650D-4ADD-B16C-067F0F5242F6}.Debug|Any CPU.Build.0 = Debug|Any CPU
		{80D044C0-650D-4ADD-B16C-067F0F5242F6}.Release|Any CPU.ActiveCfg = Release|Any CPU
		{80D044C0-650D-4ADD-B16C-067F0F5242F6}.Release|Any CPU.Build.0 = Release|Any CPU
	EndGlobalSection
	GlobalSection(SolutionProperties) = preSolution
		HideSolutionNode = FALSE
	EndGlobalSection
EndGlobal
